
Microsoft Visual Studio Solution File, Format Version 12.00
# Visual Studio 15
VisualStudioVersion = 15.0.27703.2042
MinimumVisualStudioVersion = 10.0.40219.1
Project("{9A19103F-16F7-4668-BE54-9A1E7A4F7556}") = "serialization", "serialization.csproj", "{14D72A0C-3E86-40E2-B73E-109D8D66535C}"
EndProject
Global
	GlobalSection(SolutionConfigurationPlatforms) = preSolution
		Debug|Any CPU = Debug|Any CPU
		Release|Any CPU = Release|Any CPU
	EndGlobalSection
	GlobalSection(ProjectConfigurationPlatforms) = postSolution
		{14D72A0C-3E86-40E2-B73E-109D8D66535C}.Debug|Any CPU.ActiveCfg = Debug|Any CPU
		{14D72A0C-3E86-40E2-B73E-109D8D66535C}.Debug|Any CPU.Build.0 = Debug|Any CPU
		{14D72A0C-3E86-40E2-B73E-109D8D66535C}.Release|Any CPU.ActiveCfg = Release|Any CPU
		{14D72A0C-3E86-40E2-B73E-109D8D66535C}.Release|Any CPU.Build.0 = Release|Any CPU
	EndGlobalSection
	GlobalSection(SolutionProperties) = preSolution
		HideSolutionNode = FALSE
	EndGlobalSection
	GlobalSection(ExtensibilityGlobals) = postSolution
		SolutionGuid = {F1E3962E-872E-47FC-9EB7-02C7BA69C50F}
	EndGlobalSection
EndGlobal
